
Microsoft Visual Studio Solution File, Format Version 12.00
# Visual Studio Version 16
VisualStudioVersion = 16.0.31025.218
MinimumVisualStudioVersion = 10.0.40219.1
Project("{FAE04EC0-301F-11D3-BF4B-00C04F79EFBC}") = "CaptainMoodle", "CaptainMoodle\CaptainMoodle.csproj", "{0E9D3FFE-C708-409F-B40B-82728FD97ED0}"
EndProject
Global
	GlobalSection(SolutionConfigurationPlatforms) = preSolution
		Debug|Any CPU = Debug|Any CPU
		Release|Any CPU = Release|Any CPU
	EndGlobalSection
	GlobalSection(ProjectConfigurationPlatforms) = postSolution
		{0E9D3FFE-C708-409F-B40B-82728FD97ED0}.Debug|Any CPU.ActiveCfg = Debug|Any CPU
		{0E9D3FFE-C708-409F-B40B-82728FD97ED0}.Debug|Any CPU.Build.0 = Debug|Any CPU
		{0E9D3FFE-C708-409F-B40B-82728FD97ED0}.Release|Any CPU.ActiveCfg = Release|Any CPU
		{0E9D3FFE-C708-409F-B40B-82728FD97ED0}.Release|Any CPU.Build.0 = Release|Any CPU
	EndGlobalSection
	GlobalSection(SolutionProperties) = preSolution
		HideSolutionNode = FALSE
	EndGlobalSection
	GlobalSection(ExtensibilityGlobals) = postSolution
		SolutionGuid = {C28BE508-E45E-4E4B-998F-D76620BF90A0}
	EndGlobalSection
EndGlobal
